
Microsoft Visual Studio Solution File, Format Version 12.00
# Visual Studio Version 17
VisualStudioVersion = 17.0.32112.339
MinimumVisualStudioVersion = 10.0.40219.1
Project("{8BC9CEB8-8B4A-11D0-8D11-00A0C91BC942}") = "2230-binary_search", "2230-binary_search\2230-binary_search.vcxproj", "{E0342C44-F889-4F03-AC73-53117CBD407E}"
EndProject
Project("{8BC9CEB8-8B4A-11D0-8D11-00A0C91BC942}") = "2230-two_pointer", "2230-two_pointer\2230-two_pointer.vcxproj", "{6343DB5B-FB73-4E1D-B39F-5367F71D5B97}"
EndProject
Global
	GlobalSection(SolutionConfigurationPlatforms) = preSolution
		Debug|x64 = Debug|x64
		Debug|x86 = Debug|x86
		Release|x64 = Release|x64
		Release|x86 = Release|x86
	EndGlobalSection
	GlobalSection(ProjectConfigurationPlatforms) = postSolution
		{E0342C44-F889-4F03-AC73-53117CBD407E}.Debug|x64.ActiveCfg = Debug|x64
		{E0342C44-F889-4F03-AC73-53117CBD407E}.Debug|x64.Build.0 = Debug|x64
		{E0342C44-F889-4F03-AC73-53117CBD407E}.Debug|x86.ActiveCfg = Debug|Win32
		{E0342C44-F889-4F03-AC73-53117CBD407E}.Debug|x86.Build.0 = Debug|Win32
		{E0342C44-F889-4F03-AC73-53117CBD407E}.Release|x64.ActiveCfg = Release|x64
		{E0342C44-F889-4F03-AC73-53117CBD407E}.Release|x64.Build.0 = Release|x64
		{E0342C44-F889-4F03-AC73-53117CBD407E}.Release|x86.ActiveCfg = Release|Win32
		{E0342C44-F889-4F03-AC73-53117CBD407E}.Release|x86.Build.0 = Release|Win32
		{6343DB5B-FB73-4E1D-B39F-5367F71D5B97}.Debug|x64.ActiveCfg = Debug|x64
		{6343DB5B-FB73-4E1D-B39F-5367F71D5B97}.Debug|x64.Build.0 = Debug|x64
		{6343DB5B-FB73-4E1D-B39F-5367F71D5B97}.Debug|x86.ActiveCfg = Debug|Win32
		{6343DB5B-FB73-4E1D-B39F-5367F71D5B97}.Debug|x86.Build.0 = Debug|Win32
		{6343DB5B-FB73-4E1D-B39F-5367F71D5B97}.Release|x64.ActiveCfg = Release|x64
		{6343DB5B-FB73-4E1D-B39F-5367F71D5B97}.Release|x64.Build.0 = Release|x64
		{6343DB5B-FB73-4E1D-B39F-5367F71D5B97}.Release|x86.ActiveCfg = Release|Win32
		{6343DB5B-FB73-4E1D-B39F-5367F71D5B97}.Release|x86.Build.0 = Release|Win32
	EndGlobalSection
	GlobalSection(SolutionProperties) = preSolution
		HideSolutionNode = FALSE
	EndGlobalSection
	GlobalSection(ExtensibilityGlobals) = postSolution
		SolutionGuid = {BE448AC8-D73C-4A4E-9E7E-18F477F3D13D}
	EndGlobalSection
EndGlobal
