
Microsoft Visual Studio Solution File, Format Version 12.00
# Visual Studio Version 17
VisualStudioVersion = 17.0.32112.339
MinimumVisualStudioVersion = 10.0.40219.1
Project("{8BC9CEB8-8B4A-11D0-8D11-00A0C91BC942}") = "1001", "1001\1001.vcxproj", "{042E1B56-87F5-48A2-89C1-4B55D3BAEFDC}"
EndProject
Global
	GlobalSection(SolutionConfigurationPlatforms) = preSolution
		Debug|x64 = Debug|x64
		Debug|x86 = Debug|x86
		Release|x64 = Release|x64
		Release|x86 = Release|x86
	EndGlobalSection
	GlobalSection(ProjectConfigurationPlatforms) = postSolution
		{042E1B56-87F5-48A2-89C1-4B55D3BAEFDC}.Debug|x64.ActiveCfg = Debug|x64
		{042E1B56-87F5-48A2-89C1-4B55D3BAEFDC}.Debug|x64.Build.0 = Debug|x64
		{042E1B56-87F5-48A2-89C1-4B55D3BAEFDC}.Debug|x86.ActiveCfg = Debug|Win32
		{042E1B56-87F5-48A2-89C1-4B55D3BAEFDC}.Debug|x86.Build.0 = Debug|Win32
		{042E1B56-87F5-48A2-89C1-4B55D3BAEFDC}.Release|x64.ActiveCfg = Release|x64
		{042E1B56-87F5-48A2-89C1-4B55D3BAEFDC}.Release|x64.Build.0 = Release|x64
		{042E1B56-87F5-48A2-89C1-4B55D3BAEFDC}.Release|x86.ActiveCfg = Release|Win32
		{042E1B56-87F5-48A2-89C1-4B55D3BAEFDC}.Release|x86.Build.0 = Release|Win32
	EndGlobalSection
	GlobalSection(SolutionProperties) = preSolution
		HideSolutionNode = FALSE
	EndGlobalSection
	GlobalSection(ExtensibilityGlobals) = postSolution
		SolutionGuid = {732A117A-DB2A-48AA-9FF8-C621C6480314}
	EndGlobalSection
EndGlobal
