
Microsoft Visual Studio Solution File, Format Version 12.00
# Visual Studio Version 16
VisualStudioVersion = 16.0.31112.23
MinimumVisualStudioVersion = 10.0.40219.1
Project("{8BC9CEB8-8B4A-11D0-8D11-00A0C91BC942}") = "2798", "2798\2798.vcxproj", "{9E3F3006-796D-4456-A588-C45545040728}"
EndProject
Global
	GlobalSection(SolutionConfigurationPlatforms) = preSolution
		Debug|x64 = Debug|x64
		Debug|x86 = Debug|x86
		Release|x64 = Release|x64
		Release|x86 = Release|x86
	EndGlobalSection
	GlobalSection(ProjectConfigurationPlatforms) = postSolution
		{9E3F3006-796D-4456-A588-C45545040728}.Debug|x64.ActiveCfg = Debug|x64
		{9E3F3006-796D-4456-A588-C45545040728}.Debug|x64.Build.0 = Debug|x64
		{9E3F3006-796D-4456-A588-C45545040728}.Debug|x86.ActiveCfg = Debug|Win32
		{9E3F3006-796D-4456-A588-C45545040728}.Debug|x86.Build.0 = Debug|Win32
		{9E3F3006-796D-4456-A588-C45545040728}.Release|x64.ActiveCfg = Release|x64
		{9E3F3006-796D-4456-A588-C45545040728}.Release|x64.Build.0 = Release|x64
		{9E3F3006-796D-4456-A588-C45545040728}.Release|x86.ActiveCfg = Release|Win32
		{9E3F3006-796D-4456-A588-C45545040728}.Release|x86.Build.0 = Release|Win32
	EndGlobalSection
	GlobalSection(SolutionProperties) = preSolution
		HideSolutionNode = FALSE
	EndGlobalSection
	GlobalSection(ExtensibilityGlobals) = postSolution
		SolutionGuid = {850DC430-C15F-43C2-BACD-27F943EB63BF}
	EndGlobalSection
EndGlobal
