
Microsoft Visual Studio Solution File, Format Version 12.00
# Visual Studio Version 17
VisualStudioVersion = 17.0.31903.59
MinimumVisualStudioVersion = 10.0.40219.1
Project("{8BC9CEB8-8B4A-11D0-8D11-00A0C91BC942}") = "3506", "3506\3506.vcxproj", "{D2D1B05B-8678-4E1B-8E62-EA8CA3E991EE}"
EndProject
Global
	GlobalSection(SolutionConfigurationPlatforms) = preSolution
		Debug|x64 = Debug|x64
		Debug|x86 = Debug|x86
		Release|x64 = Release|x64
		Release|x86 = Release|x86
	EndGlobalSection
	GlobalSection(ProjectConfigurationPlatforms) = postSolution
		{D2D1B05B-8678-4E1B-8E62-EA8CA3E991EE}.Debug|x64.ActiveCfg = Debug|x64
		{D2D1B05B-8678-4E1B-8E62-EA8CA3E991EE}.Debug|x64.Build.0 = Debug|x64
		{D2D1B05B-8678-4E1B-8E62-EA8CA3E991EE}.Debug|x86.ActiveCfg = Debug|Win32
		{D2D1B05B-8678-4E1B-8E62-EA8CA3E991EE}.Debug|x86.Build.0 = Debug|Win32
		{D2D1B05B-8678-4E1B-8E62-EA8CA3E991EE}.Release|x64.ActiveCfg = Release|x64
		{D2D1B05B-8678-4E1B-8E62-EA8CA3E991EE}.Release|x64.Build.0 = Release|x64
		{D2D1B05B-8678-4E1B-8E62-EA8CA3E991EE}.Release|x86.ActiveCfg = Release|Win32
		{D2D1B05B-8678-4E1B-8E62-EA8CA3E991EE}.Release|x86.Build.0 = Release|Win32
	EndGlobalSection
	GlobalSection(SolutionProperties) = preSolution
		HideSolutionNode = FALSE
	EndGlobalSection
	GlobalSection(ExtensibilityGlobals) = postSolution
		SolutionGuid = {39C63C87-7549-48F6-86F3-DF91255BA686}
	EndGlobalSection
EndGlobal
