
Microsoft Visual Studio Solution File, Format Version 12.00
# Visual Studio Version 17
VisualStudioVersion = 17.0.32014.148
MinimumVisualStudioVersion = 10.0.40219.1
Project("{8BC9CEB8-8B4A-11D0-8D11-00A0C91BC942}") = "10026", "10026\10026.vcxproj", "{112F3962-060B-4893-B9A3-DA635A8017FE}"
EndProject
Global
	GlobalSection(SolutionConfigurationPlatforms) = preSolution
		Debug|x64 = Debug|x64
		Debug|x86 = Debug|x86
		Release|x64 = Release|x64
		Release|x86 = Release|x86
	EndGlobalSection
	GlobalSection(ProjectConfigurationPlatforms) = postSolution
		{112F3962-060B-4893-B9A3-DA635A8017FE}.Debug|x64.ActiveCfg = Debug|x64
		{112F3962-060B-4893-B9A3-DA635A8017FE}.Debug|x64.Build.0 = Debug|x64
		{112F3962-060B-4893-B9A3-DA635A8017FE}.Debug|x86.ActiveCfg = Debug|Win32
		{112F3962-060B-4893-B9A3-DA635A8017FE}.Debug|x86.Build.0 = Debug|Win32
		{112F3962-060B-4893-B9A3-DA635A8017FE}.Release|x64.ActiveCfg = Release|x64
		{112F3962-060B-4893-B9A3-DA635A8017FE}.Release|x64.Build.0 = Release|x64
		{112F3962-060B-4893-B9A3-DA635A8017FE}.Release|x86.ActiveCfg = Release|Win32
		{112F3962-060B-4893-B9A3-DA635A8017FE}.Release|x86.Build.0 = Release|Win32
	EndGlobalSection
	GlobalSection(SolutionProperties) = preSolution
		HideSolutionNode = FALSE
	EndGlobalSection
	GlobalSection(ExtensibilityGlobals) = postSolution
		SolutionGuid = {F29F06EE-DE8E-42CE-AE65-12280E4CBEAC}
	EndGlobalSection
EndGlobal
