
Microsoft Visual Studio Solution File, Format Version 12.00
# Visual Studio Version 16
VisualStudioVersion = 16.0.31112.23
MinimumVisualStudioVersion = 10.0.40219.1
Project("{8BC9CEB8-8B4A-11D0-8D11-00A0C91BC942}") = "2019", "2019\2019.vcxproj", "{F01AA6AA-897D-43DB-83BF-B55AE2568CD1}"
EndProject
Global
	GlobalSection(SolutionConfigurationPlatforms) = preSolution
		Debug|x64 = Debug|x64
		Debug|x86 = Debug|x86
		Release|x64 = Release|x64
		Release|x86 = Release|x86
	EndGlobalSection
	GlobalSection(ProjectConfigurationPlatforms) = postSolution
		{F01AA6AA-897D-43DB-83BF-B55AE2568CD1}.Debug|x64.ActiveCfg = Debug|x64
		{F01AA6AA-897D-43DB-83BF-B55AE2568CD1}.Debug|x64.Build.0 = Debug|x64
		{F01AA6AA-897D-43DB-83BF-B55AE2568CD1}.Debug|x86.ActiveCfg = Debug|Win32
		{F01AA6AA-897D-43DB-83BF-B55AE2568CD1}.Debug|x86.Build.0 = Debug|Win32
		{F01AA6AA-897D-43DB-83BF-B55AE2568CD1}.Release|x64.ActiveCfg = Release|x64
		{F01AA6AA-897D-43DB-83BF-B55AE2568CD1}.Release|x64.Build.0 = Release|x64
		{F01AA6AA-897D-43DB-83BF-B55AE2568CD1}.Release|x86.ActiveCfg = Release|Win32
		{F01AA6AA-897D-43DB-83BF-B55AE2568CD1}.Release|x86.Build.0 = Release|Win32
	EndGlobalSection
	GlobalSection(SolutionProperties) = preSolution
		HideSolutionNode = FALSE
	EndGlobalSection
	GlobalSection(ExtensibilityGlobals) = postSolution
		SolutionGuid = {227C7ED7-24B5-426A-B745-37EFDD7A8375}
	EndGlobalSection
EndGlobal
