
Microsoft Visual Studio Solution File, Format Version 12.00
# Visual Studio Version 17
VisualStudioVersion = 17.0.32112.339
MinimumVisualStudioVersion = 10.0.40219.1
Project("{8BC9CEB8-8B4A-11D0-8D11-00A0C91BC942}") = "5052", "5052\5052.vcxproj", "{65FA0DC0-7714-4938-BE12-36FD280DBAC0}"
EndProject
Global
	GlobalSection(SolutionConfigurationPlatforms) = preSolution
		Debug|x64 = Debug|x64
		Debug|x86 = Debug|x86
		Release|x64 = Release|x64
		Release|x86 = Release|x86
	EndGlobalSection
	GlobalSection(ProjectConfigurationPlatforms) = postSolution
		{65FA0DC0-7714-4938-BE12-36FD280DBAC0}.Debug|x64.ActiveCfg = Debug|x64
		{65FA0DC0-7714-4938-BE12-36FD280DBAC0}.Debug|x64.Build.0 = Debug|x64
		{65FA0DC0-7714-4938-BE12-36FD280DBAC0}.Debug|x86.ActiveCfg = Debug|Win32
		{65FA0DC0-7714-4938-BE12-36FD280DBAC0}.Debug|x86.Build.0 = Debug|Win32
		{65FA0DC0-7714-4938-BE12-36FD280DBAC0}.Release|x64.ActiveCfg = Release|x64
		{65FA0DC0-7714-4938-BE12-36FD280DBAC0}.Release|x64.Build.0 = Release|x64
		{65FA0DC0-7714-4938-BE12-36FD280DBAC0}.Release|x86.ActiveCfg = Release|Win32
		{65FA0DC0-7714-4938-BE12-36FD280DBAC0}.Release|x86.Build.0 = Release|Win32
	EndGlobalSection
	GlobalSection(SolutionProperties) = preSolution
		HideSolutionNode = FALSE
	EndGlobalSection
	GlobalSection(ExtensibilityGlobals) = postSolution
		SolutionGuid = {D657E6A4-CEAA-4231-80CA-7796B0AD5543}
	EndGlobalSection
EndGlobal
