
Microsoft Visual Studio Solution File, Format Version 12.00
# Visual Studio Version 16
VisualStudioVersion = 16.0.31112.23
MinimumVisualStudioVersion = 10.0.40219.1
Project("{8BC9CEB8-8B4A-11D0-8D11-00A0C91BC942}") = "2024", "2024\2024.vcxproj", "{290536AF-7039-47AD-BF1C-93B9FA65E917}"
EndProject
Global
	GlobalSection(SolutionConfigurationPlatforms) = preSolution
		Debug|x64 = Debug|x64
		Debug|x86 = Debug|x86
		Release|x64 = Release|x64
		Release|x86 = Release|x86
	EndGlobalSection
	GlobalSection(ProjectConfigurationPlatforms) = postSolution
		{290536AF-7039-47AD-BF1C-93B9FA65E917}.Debug|x64.ActiveCfg = Debug|x64
		{290536AF-7039-47AD-BF1C-93B9FA65E917}.Debug|x64.Build.0 = Debug|x64
		{290536AF-7039-47AD-BF1C-93B9FA65E917}.Debug|x86.ActiveCfg = Debug|Win32
		{290536AF-7039-47AD-BF1C-93B9FA65E917}.Debug|x86.Build.0 = Debug|Win32
		{290536AF-7039-47AD-BF1C-93B9FA65E917}.Release|x64.ActiveCfg = Release|x64
		{290536AF-7039-47AD-BF1C-93B9FA65E917}.Release|x64.Build.0 = Release|x64
		{290536AF-7039-47AD-BF1C-93B9FA65E917}.Release|x86.ActiveCfg = Release|Win32
		{290536AF-7039-47AD-BF1C-93B9FA65E917}.Release|x86.Build.0 = Release|Win32
	EndGlobalSection
	GlobalSection(SolutionProperties) = preSolution
		HideSolutionNode = FALSE
	EndGlobalSection
	GlobalSection(ExtensibilityGlobals) = postSolution
		SolutionGuid = {0900CDCB-1282-4D3C-B056-0D19D3C4981F}
	EndGlobalSection
EndGlobal
