
Microsoft Visual Studio Solution File, Format Version 12.00
# Visual Studio Version 17
VisualStudioVersion = 17.0.32112.339
MinimumVisualStudioVersion = 10.0.40219.1
Project("{8BC9CEB8-8B4A-11D0-8D11-00A0C91BC942}") = "19542", "19542\19542.vcxproj", "{D2FE8629-843E-4B88-99DB-189114BBF596}"
EndProject
Global
	GlobalSection(SolutionConfigurationPlatforms) = preSolution
		Debug|x64 = Debug|x64
		Debug|x86 = Debug|x86
		Release|x64 = Release|x64
		Release|x86 = Release|x86
	EndGlobalSection
	GlobalSection(ProjectConfigurationPlatforms) = postSolution
		{D2FE8629-843E-4B88-99DB-189114BBF596}.Debug|x64.ActiveCfg = Debug|x64
		{D2FE8629-843E-4B88-99DB-189114BBF596}.Debug|x64.Build.0 = Debug|x64
		{D2FE8629-843E-4B88-99DB-189114BBF596}.Debug|x86.ActiveCfg = Debug|Win32
		{D2FE8629-843E-4B88-99DB-189114BBF596}.Debug|x86.Build.0 = Debug|Win32
		{D2FE8629-843E-4B88-99DB-189114BBF596}.Release|x64.ActiveCfg = Release|x64
		{D2FE8629-843E-4B88-99DB-189114BBF596}.Release|x64.Build.0 = Release|x64
		{D2FE8629-843E-4B88-99DB-189114BBF596}.Release|x86.ActiveCfg = Release|Win32
		{D2FE8629-843E-4B88-99DB-189114BBF596}.Release|x86.Build.0 = Release|Win32
	EndGlobalSection
	GlobalSection(SolutionProperties) = preSolution
		HideSolutionNode = FALSE
	EndGlobalSection
	GlobalSection(ExtensibilityGlobals) = postSolution
		SolutionGuid = {6ED2DFE6-1CA0-4AFB-91B4-0AB36923DEE1}
	EndGlobalSection
EndGlobal
