
Microsoft Visual Studio Solution File, Format Version 12.00
# Visual Studio Version 16
VisualStudioVersion = 16.0.31229.75
MinimumVisualStudioVersion = 10.0.40219.1
Project("{8BC9CEB8-8B4A-11D0-8D11-00A0C91BC942}") = "4040", "4040\4040.vcxproj", "{735748B4-43AB-4768-AFD9-483F14DA26B0}"
EndProject
Global
	GlobalSection(SolutionConfigurationPlatforms) = preSolution
		Debug|x64 = Debug|x64
		Debug|x86 = Debug|x86
		Release|x64 = Release|x64
		Release|x86 = Release|x86
	EndGlobalSection
	GlobalSection(ProjectConfigurationPlatforms) = postSolution
		{735748B4-43AB-4768-AFD9-483F14DA26B0}.Debug|x64.ActiveCfg = Debug|x64
		{735748B4-43AB-4768-AFD9-483F14DA26B0}.Debug|x64.Build.0 = Debug|x64
		{735748B4-43AB-4768-AFD9-483F14DA26B0}.Debug|x86.ActiveCfg = Debug|Win32
		{735748B4-43AB-4768-AFD9-483F14DA26B0}.Debug|x86.Build.0 = Debug|Win32
		{735748B4-43AB-4768-AFD9-483F14DA26B0}.Release|x64.ActiveCfg = Release|x64
		{735748B4-43AB-4768-AFD9-483F14DA26B0}.Release|x64.Build.0 = Release|x64
		{735748B4-43AB-4768-AFD9-483F14DA26B0}.Release|x86.ActiveCfg = Release|Win32
		{735748B4-43AB-4768-AFD9-483F14DA26B0}.Release|x86.Build.0 = Release|Win32
	EndGlobalSection
	GlobalSection(SolutionProperties) = preSolution
		HideSolutionNode = FALSE
	EndGlobalSection
	GlobalSection(ExtensibilityGlobals) = postSolution
		SolutionGuid = {AB4FE7E6-3BB8-4B70-B1CE-5A6AA07F5EEF}
	EndGlobalSection
EndGlobal
