
Microsoft Visual Studio Solution File, Format Version 12.00
# Visual Studio Version 17
VisualStudioVersion = 17.0.32112.339
MinimumVisualStudioVersion = 10.0.40219.1
Project("{8BC9CEB8-8B4A-11D0-8D11-00A0C91BC942}") = "11967", "11967\11967.vcxproj", "{D8712775-FB80-41A5-A911-9F99C3683B66}"
EndProject
Global
	GlobalSection(SolutionConfigurationPlatforms) = preSolution
		Debug|x64 = Debug|x64
		Debug|x86 = Debug|x86
		Release|x64 = Release|x64
		Release|x86 = Release|x86
	EndGlobalSection
	GlobalSection(ProjectConfigurationPlatforms) = postSolution
		{D8712775-FB80-41A5-A911-9F99C3683B66}.Debug|x64.ActiveCfg = Debug|x64
		{D8712775-FB80-41A5-A911-9F99C3683B66}.Debug|x64.Build.0 = Debug|x64
		{D8712775-FB80-41A5-A911-9F99C3683B66}.Debug|x86.ActiveCfg = Debug|Win32
		{D8712775-FB80-41A5-A911-9F99C3683B66}.Debug|x86.Build.0 = Debug|Win32
		{D8712775-FB80-41A5-A911-9F99C3683B66}.Release|x64.ActiveCfg = Release|x64
		{D8712775-FB80-41A5-A911-9F99C3683B66}.Release|x64.Build.0 = Release|x64
		{D8712775-FB80-41A5-A911-9F99C3683B66}.Release|x86.ActiveCfg = Release|Win32
		{D8712775-FB80-41A5-A911-9F99C3683B66}.Release|x86.Build.0 = Release|Win32
	EndGlobalSection
	GlobalSection(SolutionProperties) = preSolution
		HideSolutionNode = FALSE
	EndGlobalSection
	GlobalSection(ExtensibilityGlobals) = postSolution
		SolutionGuid = {F869591E-C4AF-468D-B26F-6945C5A9BA64}
	EndGlobalSection
EndGlobal
