
Microsoft Visual Studio Solution File, Format Version 12.00
# Visual Studio Version 16
VisualStudioVersion = 16.0.31229.75
MinimumVisualStudioVersion = 10.0.40219.1
Project("{8BC9CEB8-8B4A-11D0-8D11-00A0C91BC942}") = "NYPC-1-7", "NYPC-1-7\NYPC-1-7.vcxproj", "{20225FC2-843B-4002-839A-2FBE4456BC03}"
EndProject
Global
	GlobalSection(SolutionConfigurationPlatforms) = preSolution
		Debug|x64 = Debug|x64
		Debug|x86 = Debug|x86
		Release|x64 = Release|x64
		Release|x86 = Release|x86
	EndGlobalSection
	GlobalSection(ProjectConfigurationPlatforms) = postSolution
		{20225FC2-843B-4002-839A-2FBE4456BC03}.Debug|x64.ActiveCfg = Debug|x64
		{20225FC2-843B-4002-839A-2FBE4456BC03}.Debug|x64.Build.0 = Debug|x64
		{20225FC2-843B-4002-839A-2FBE4456BC03}.Debug|x86.ActiveCfg = Debug|Win32
		{20225FC2-843B-4002-839A-2FBE4456BC03}.Debug|x86.Build.0 = Debug|Win32
		{20225FC2-843B-4002-839A-2FBE4456BC03}.Release|x64.ActiveCfg = Release|x64
		{20225FC2-843B-4002-839A-2FBE4456BC03}.Release|x64.Build.0 = Release|x64
		{20225FC2-843B-4002-839A-2FBE4456BC03}.Release|x86.ActiveCfg = Release|Win32
		{20225FC2-843B-4002-839A-2FBE4456BC03}.Release|x86.Build.0 = Release|Win32
	EndGlobalSection
	GlobalSection(SolutionProperties) = preSolution
		HideSolutionNode = FALSE
	EndGlobalSection
	GlobalSection(ExtensibilityGlobals) = postSolution
		SolutionGuid = {89E75019-1CC6-4031-AB4E-2B17CC1D5570}
	EndGlobalSection
EndGlobal
