
Microsoft Visual Studio Solution File, Format Version 12.00
# Visual Studio Version 16
VisualStudioVersion = 16.0.31229.75
MinimumVisualStudioVersion = 10.0.40219.1
Project("{8BC9CEB8-8B4A-11D0-8D11-00A0C91BC942}") = "1929", "1929\1929.vcxproj", "{10F868CA-2BBF-4B78-9700-F0C93B7C772A}"
EndProject
Global
	GlobalSection(SolutionConfigurationPlatforms) = preSolution
		Debug|x64 = Debug|x64
		Debug|x86 = Debug|x86
		Release|x64 = Release|x64
		Release|x86 = Release|x86
	EndGlobalSection
	GlobalSection(ProjectConfigurationPlatforms) = postSolution
		{10F868CA-2BBF-4B78-9700-F0C93B7C772A}.Debug|x64.ActiveCfg = Debug|x64
		{10F868CA-2BBF-4B78-9700-F0C93B7C772A}.Debug|x64.Build.0 = Debug|x64
		{10F868CA-2BBF-4B78-9700-F0C93B7C772A}.Debug|x86.ActiveCfg = Debug|Win32
		{10F868CA-2BBF-4B78-9700-F0C93B7C772A}.Debug|x86.Build.0 = Debug|Win32
		{10F868CA-2BBF-4B78-9700-F0C93B7C772A}.Release|x64.ActiveCfg = Release|x64
		{10F868CA-2BBF-4B78-9700-F0C93B7C772A}.Release|x64.Build.0 = Release|x64
		{10F868CA-2BBF-4B78-9700-F0C93B7C772A}.Release|x86.ActiveCfg = Release|Win32
		{10F868CA-2BBF-4B78-9700-F0C93B7C772A}.Release|x86.Build.0 = Release|Win32
	EndGlobalSection
	GlobalSection(SolutionProperties) = preSolution
		HideSolutionNode = FALSE
	EndGlobalSection
	GlobalSection(ExtensibilityGlobals) = postSolution
		SolutionGuid = {4E5D329E-15F1-4EAE-AF49-352911495237}
	EndGlobalSection
EndGlobal
