
Microsoft Visual Studio Solution File, Format Version 12.00
# Visual Studio Version 17
VisualStudioVersion = 17.1.32328.378
MinimumVisualStudioVersion = 10.0.40219.1
Project("{8BC9CEB8-8B4A-11D0-8D11-00A0C91BC942}") = "1-1-1", "1-1-1\1-1-1.vcxproj", "{33022FC1-9079-45A8-A900-813496FC8773}"
EndProject
Project("{8BC9CEB8-8B4A-11D0-8D11-00A0C91BC942}") = "1-1-2", "1-1-2\1-1-2.vcxproj", "{CB6ECC4F-2F04-4688-BB34-BC7C0B09EF92}"
EndProject
Global
	GlobalSection(SolutionConfigurationPlatforms) = preSolution
		Debug|x64 = Debug|x64
		Debug|x86 = Debug|x86
		Release|x64 = Release|x64
		Release|x86 = Release|x86
	EndGlobalSection
	GlobalSection(ProjectConfigurationPlatforms) = postSolution
		{33022FC1-9079-45A8-A900-813496FC8773}.Debug|x64.ActiveCfg = Debug|x64
		{33022FC1-9079-45A8-A900-813496FC8773}.Debug|x64.Build.0 = Debug|x64
		{33022FC1-9079-45A8-A900-813496FC8773}.Debug|x86.ActiveCfg = Debug|Win32
		{33022FC1-9079-45A8-A900-813496FC8773}.Debug|x86.Build.0 = Debug|Win32
		{33022FC1-9079-45A8-A900-813496FC8773}.Release|x64.ActiveCfg = Release|x64
		{33022FC1-9079-45A8-A900-813496FC8773}.Release|x64.Build.0 = Release|x64
		{33022FC1-9079-45A8-A900-813496FC8773}.Release|x86.ActiveCfg = Release|Win32
		{33022FC1-9079-45A8-A900-813496FC8773}.Release|x86.Build.0 = Release|Win32
		{CB6ECC4F-2F04-4688-BB34-BC7C0B09EF92}.Debug|x64.ActiveCfg = Debug|x64
		{CB6ECC4F-2F04-4688-BB34-BC7C0B09EF92}.Debug|x64.Build.0 = Debug|x64
		{CB6ECC4F-2F04-4688-BB34-BC7C0B09EF92}.Debug|x86.ActiveCfg = Debug|Win32
		{CB6ECC4F-2F04-4688-BB34-BC7C0B09EF92}.Debug|x86.Build.0 = Debug|Win32
		{CB6ECC4F-2F04-4688-BB34-BC7C0B09EF92}.Release|x64.ActiveCfg = Release|x64
		{CB6ECC4F-2F04-4688-BB34-BC7C0B09EF92}.Release|x64.Build.0 = Release|x64
		{CB6ECC4F-2F04-4688-BB34-BC7C0B09EF92}.Release|x86.ActiveCfg = Release|Win32
		{CB6ECC4F-2F04-4688-BB34-BC7C0B09EF92}.Release|x86.Build.0 = Release|Win32
	EndGlobalSection
	GlobalSection(SolutionProperties) = preSolution
		HideSolutionNode = FALSE
	EndGlobalSection
	GlobalSection(ExtensibilityGlobals) = postSolution
		SolutionGuid = {97C5AEF4-F7D1-4FE6-929C-28D8E47A869C}
	EndGlobalSection
EndGlobal
