
Microsoft Visual Studio Solution File, Format Version 12.00
# Visual Studio Version 16
VisualStudioVersion = 16.0.31229.75
MinimumVisualStudioVersion = 10.0.40219.1
Project("{8BC9CEB8-8B4A-11D0-8D11-00A0C91BC942}") = "2001", "2001\2001.vcxproj", "{9A0D182D-233D-4717-B1BB-E4092DC3AFBA}"
EndProject
Global
	GlobalSection(SolutionConfigurationPlatforms) = preSolution
		Debug|x64 = Debug|x64
		Debug|x86 = Debug|x86
		Release|x64 = Release|x64
		Release|x86 = Release|x86
	EndGlobalSection
	GlobalSection(ProjectConfigurationPlatforms) = postSolution
		{9A0D182D-233D-4717-B1BB-E4092DC3AFBA}.Debug|x64.ActiveCfg = Debug|x64
		{9A0D182D-233D-4717-B1BB-E4092DC3AFBA}.Debug|x64.Build.0 = Debug|x64
		{9A0D182D-233D-4717-B1BB-E4092DC3AFBA}.Debug|x86.ActiveCfg = Debug|Win32
		{9A0D182D-233D-4717-B1BB-E4092DC3AFBA}.Debug|x86.Build.0 = Debug|Win32
		{9A0D182D-233D-4717-B1BB-E4092DC3AFBA}.Release|x64.ActiveCfg = Release|x64
		{9A0D182D-233D-4717-B1BB-E4092DC3AFBA}.Release|x64.Build.0 = Release|x64
		{9A0D182D-233D-4717-B1BB-E4092DC3AFBA}.Release|x86.ActiveCfg = Release|Win32
		{9A0D182D-233D-4717-B1BB-E4092DC3AFBA}.Release|x86.Build.0 = Release|Win32
	EndGlobalSection
	GlobalSection(SolutionProperties) = preSolution
		HideSolutionNode = FALSE
	EndGlobalSection
	GlobalSection(ExtensibilityGlobals) = postSolution
		SolutionGuid = {9ADE2429-2A7B-47A8-9BD8-ACA634BF69A2}
	EndGlobalSection
EndGlobal
